# benchmarks/suggest-baseline/FIXTURE.lock —— 冻结输入的内容指纹
# 由 scripts/suggest_cost_baseline.py --write-lock 生成；任何一字节变化都会让基准跑分失去可比性
suggest_md_sha256=675bfc33ce403b87a50ce1e08848121feba2c4a5cbafa618595e531277a03a9a
kb.json=481acb8540f7b47f83d7bbb887a95cf0b5d701d9056a4ebd739e2be94ce38ed0
understand/warmth.md=7e1237850c1acdfea6fac322eb8000f076229810d2fd095b4fa9639c188bccad
understand/style.md=5d14af1e324d97bb3cdc7de2790a996433a3f0d1881386c9bdd53ea19d9743aa
moment/plan.md=c9f861a085fc3ec9a5c921b044cbfd3a37901d69aca31ad504775b0c41312e7b
memory/lessons.md=10a5fe13899b87fe81a3d32c92b9b507ad518bafba9b945c6f58bbe4b400ed44
