{
  "generated_from_commit": "c0ff04153fda7f4656eb6f14b1ba55f88757732e",
  "reply_system_ordered_sha256": "6dcde732fab602813559370dd6af3b774ca24fda86ce28f2c0cfd88a8be95831",
  "reply_system_assets": {
    "core.md": "fa2421f0627dbcb2373cd5d1b9ae9bb73f5fd8ee28cfe83678ac855bb6f5b719",
    "naturalness_check.md": "91b01f98c151262b08ff5b737c17a94ce5f20b28d960201b0d35abbd6f35d9e0",
    "redline.md": "41434311768a1f5ce477fed84c15a3316d77215cac657c48f13afa9486f6babb",
    "format.md": "c85c80fcde99320b5bcde7a6d0797796f317ccc7332a52755c67c2912cff4473"
  },
  "other_assets": {
    "suggest.md": "675bfc33ce403b87a50ce1e08848121feba2c4a5cbafa618595e531277a03a9a",
    "counseling.md": "6bf2df74fbe0680ee0c6dda5dea4946938b471899dca56b977d68124c0c94177",
    "proactive.md": "378de4d4a24fea23dcc0ccc77c6f4c450316eb993dddc5ed7af39f409f94520b",
    "polish.md": "b5f0d5fb39a12203419c88e800e72c7476543d67142267be315c5c1f724a95cf",
    "stage.md": "b23dd13bf77078e23660cc87a7f150607ec879acb8035a2cb7b05503f39e8114",
    "aggressive.md": "4dd98fff78f1398913bb5eb31e5aedac6df99f00c454a54acc8e18997667e118"
  }
}
