{
  "generated_from_commit": "6d67b3725bdc01ce61ecb3e680a99b62c12f492a",
  "reply_system_ordered_sha256": "27abe25529deb47cb40366961998597c556c5184416fa038ff3ece81a2d6eb5c",
  "reply_system_assets": {
    "core.md": "9895e2cd6750450ec54b62c4f4ee9b59d73ca139a4ec54ae7914abf300c7819d",
    "naturalness_check.md": "a8aa427376be333f64104acc35e53f7c962ee6dd31e6d0e572838dea9bd29421",
    "redline.md": "66c16e3e3f08aac7519eaea3eeb03499a85b0e79853136fe4272341bd83ec511",
    "format.md": "b7d8a88530954561982413a54e7de702a972c022e401e8e614e17fefc0225dfd"
  },
  "other_assets": {
    "suggest.md": "476c62126ffc346e0b25a275549a91013d54182c929d827bf69729fb1b0c1b30",
    "counseling.md": "dc37afc7541f428af2f817dec1cfe21ec9cd88e4cf669a778adc2f528bd2556c",
    "proactive.md": "da13fbf527e1f1368f02be5b80607f523c7be9d492c420b2e251e37309c0a20b",
    "polish.md": "256f84d815749b0769d8d360ea4eb3a2e8a3bdd03026579b8191c98668f1ccbd",
    "stage.md": "1f8d24d9430ce6627a8ae4cc681d38d01650445b54f35ad3aa0507143c61000b",
    "aggressive.md": "67abc1afbebdc1a4b6953fbbbd53c846381d586c0c9ee2e915bcd4ebcbe26a12"
  }
}
